
Microsoft Visual Studio Solution File, Format Version 12.00
# Visual Studio Version 17
VisualStudioVersion = 17.2.32526.322
MinimumVisualStudioVersion = 10.0.40219.1
Project("{9A19103F-16F7-4668-BE54-9A1E7A4F7556}") = "MediaServerManagementConsole", "MediaServerManagementConsole\MediaServerManagementConsole.csproj", "{AE621B4C-919E-4BAC-93CE-EB5F1AC2C5CB}"
EndProject
Project("{2150E333-8FDC-42A3-9474-1A3956D46DE8}") = "MediaServerManagement", "MediaServerManagement", "{F9B850BC-A91D-4F87-B537-52217471AA54}"
	ProjectSection(SolutionItems) = preProject
		.gitattributes = .gitattributes
		.gitignore = .gitignore
		doxyfile.conf = doxyfile.conf
		LICENSE.md = LICENSE.md
		README.md = README.md
	EndProjectSection
EndProject
Project("{FAE04EC0-301F-11D3-BF4B-00C04F79EFBC}") = "MediaServerManagementService", "MediaServerManagementService\MediaServerManagementService.csproj", "{3E47248A-CE45-4913-AD58-C10A073EA196}"
EndProject
Global
	GlobalSection(SolutionConfigurationPlatforms) = preSolution
		Debug|Any CPU = Debug|Any CPU
		Release|Any CPU = Release|Any CPU
	EndGlobalSection
	GlobalSection(ProjectConfigurationPlatforms) = postSolution
		{AE621B4C-919E-4BAC-93CE-EB5F1AC2C5CB}.Debug|Any CPU.ActiveCfg = Debug|Any CPU
		{AE621B4C-919E-4BAC-93CE-EB5F1AC2C5CB}.Debug|Any CPU.Build.0 = Debug|Any CPU
		{AE621B4C-919E-4BAC-93CE-EB5F1AC2C5CB}.Release|Any CPU.ActiveCfg = Release|Any CPU
		{AE621B4C-919E-4BAC-93CE-EB5F1AC2C5CB}.Release|Any CPU.Build.0 = Release|Any CPU
		{3E47248A-CE45-4913-AD58-C10A073EA196}.Debug|Any CPU.ActiveCfg = Debug|Any CPU
		{3E47248A-CE45-4913-AD58-C10A073EA196}.Debug|Any CPU.Build.0 = Debug|Any CPU
		{3E47248A-CE45-4913-AD58-C10A073EA196}.Release|Any CPU.ActiveCfg = Release|Any CPU
		{3E47248A-CE45-4913-AD58-C10A073EA196}.Release|Any CPU.Build.0 = Release|Any CPU
	EndGlobalSection
	GlobalSection(SolutionProperties) = preSolution
		HideSolutionNode = FALSE
	EndGlobalSection
	GlobalSection(ExtensibilityGlobals) = postSolution
		SolutionGuid = {1C6E1F82-FA07-4B33-9842-100A0DDC3AEF}
	EndGlobalSection
EndGlobal
